
Microsoft Visual Studio Solution File, Format Version 12.00
# Visual Studio Version 17
VisualStudioVersion = 17.8.34316.72
MinimumVisualStudioVersion = 10.0.40219.1
Project("{9A19103F-16F7-4668-BE54-9A1E7A4F7556}") = "UberEats.Api", "UberEats.Api.csproj", "{A0CDDD9A-6692-40EB-97E5-C77AA1E06FE5}"
EndProject
Project("{9A19103F-16F7-4668-BE54-9A1E7A4F7556}") = "UberEats.Contracts", "..\UberEats.Contracts\UberEats.Contracts.csproj", "{9BF3CCDF-AB93-4703-A57D-312CFDE8B279}"
EndProject
Project("{9A19103F-16F7-4668-BE54-9A1E7A4F7556}") = "UberEats.Infrastructure", "..\UberEats.Infrastructure\UberEats.Infrastructure.csproj", "{D3634A40-F595-4C73-8F71-F003BE89AB82}"
EndProject
Project("{9A19103F-16F7-4668-BE54-9A1E7A4F7556}") = "UberEats.Application", "..\UberEats.Application\UberEats.Application.csproj", "{E8A0B9DE-F2AF-4A07-8C4D-2FA71875B9A1}"
EndProject
Project("{9A19103F-16F7-4668-BE54-9A1E7A4F7556}") = "UberEats.Domain", "..\UberEats.Domain\UberEats.Domain.csproj", "{44BE5219-E507-4B08-9CF5-6B6E021BDFAA}"
EndProject
Global
	GlobalSection(SolutionConfigurationPlatforms) = preSolution
		Debug|Any CPU = Debug|Any CPU
		Release|Any CPU = Release|Any CPU
	EndGlobalSection
	GlobalSection(ProjectConfigurationPlatforms) = postSolution
		{A0CDDD9A-6692-40EB-97E5-C77AA1E06FE5}.Debug|Any CPU.ActiveCfg = Debug|Any CPU
		{A0CDDD9A-6692-40EB-97E5-C77AA1E06FE5}.Debug|Any CPU.Build.0 = Debug|Any CPU
		{A0CDDD9A-6692-40EB-97E5-C77AA1E06FE5}.Release|Any CPU.ActiveCfg = Release|Any CPU
		{A0CDDD9A-6692-40EB-97E5-C77AA1E06FE5}.Release|Any CPU.Build.0 = Release|Any CPU
		{9BF3CCDF-AB93-4703-A57D-312CFDE8B279}.Debug|Any CPU.ActiveCfg = Debug|Any CPU
		{9BF3CCDF-AB93-4703-A57D-312CFDE8B279}.Debug|Any CPU.Build.0 = Debug|Any CPU
		{9BF3CCDF-AB93-4703-A57D-312CFDE8B279}.Release|Any CPU.ActiveCfg = Release|Any CPU
		{9BF3CCDF-AB93-4703-A57D-312CFDE8B279}.Release|Any CPU.Build.0 = Release|Any CPU
		{D3634A40-F595-4C73-8F71-F003BE89AB82}.Debug|Any CPU.ActiveCfg = Debug|Any CPU
		{D3634A40-F595-4C73-8F71-F003BE89AB82}.Debug|Any CPU.Build.0 = Debug|Any CPU
		{D3634A40-F595-4C73-8F71-F003BE89AB82}.Release|Any CPU.ActiveCfg = Release|Any CPU
		{D3634A40-F595-4C73-8F71-F003BE89AB82}.Release|Any CPU.Build.0 = Release|Any CPU
		{E8A0B9DE-F2AF-4A07-8C4D-2FA71875B9A1}.Debug|Any CPU.ActiveCfg = Debug|Any CPU
		{E8A0B9DE-F2AF-4A07-8C4D-2FA71875B9A1}.Debug|Any CPU.Build.0 = Debug|Any CPU
		{E8A0B9DE-F2AF-4A07-8C4D-2FA71875B9A1}.Release|Any CPU.ActiveCfg = Release|Any CPU
		{E8A0B9DE-F2AF-4A07-8C4D-2FA71875B9A1}.Release|Any CPU.Build.0 = Release|Any CPU
		{44BE5219-E507-4B08-9CF5-6B6E021BDFAA}.Debug|Any CPU.ActiveCfg = Debug|Any CPU
		{44BE5219-E507-4B08-9CF5-6B6E021BDFAA}.Debug|Any CPU.Build.0 = Debug|Any CPU
		{44BE5219-E507-4B08-9CF5-6B6E021BDFAA}.Release|Any CPU.ActiveCfg = Release|Any CPU
		{44BE5219-E507-4B08-9CF5-6B6E021BDFAA}.Release|Any CPU.Build.0 = Release|Any CPU
	EndGlobalSection
	GlobalSection(SolutionProperties) = preSolution
		HideSolutionNode = FALSE
	EndGlobalSection
	GlobalSection(ExtensibilityGlobals) = postSolution
		SolutionGuid = {0975A9FA-4814-497A-9B11-C05F59377808}
	EndGlobalSection
EndGlobal
